
Microsoft Visual Studio Solution File, Format Version 12.00
# Visual Studio Version 17
VisualStudioVersion = 17.9.34616.47
MinimumVisualStudioVersion = 10.0.40219.1
Project("{FAE04EC0-301F-11D3-BF4B-00C04F79EFBC}") = "Lab05.App", "Lab05.App\Lab05.App.csproj", "{EE4F62A2-70F1-4B26-B0D5-B802F1F9D2F4}"
EndProject
Project("{FAE04EC0-301F-11D3-BF4B-00C04F79EFBC}") = "Lab05.BLL", "Lab05.BLL\Lab05.BLL.csproj", "{A8FCDDA8-8B88-45E6-B468-1DD5969DC4D3}"
EndProject
Global
	GlobalSection(SolutionConfigurationPlatforms) = preSolution
		Debug|Any CPU = Debug|Any CPU
		Release|Any CPU = Release|Any CPU
	EndGlobalSection
	GlobalSection(ProjectConfigurationPlatforms) = postSolution
		{EE4F62A2-70F1-4B26-B0D5-B802F1F9D2F4}.Debug|Any CPU.ActiveCfg = Debug|Any CPU
		{EE4F62A2-70F1-4B26-B0D5-B802F1F9D2F4}.Debug|Any CPU.Build.0 = Debug|Any CPU
		{EE4F62A2-70F1-4B26-B0D5-B802F1F9D2F4}.Release|Any CPU.ActiveCfg = Release|Any CPU
		{EE4F62A2-70F1-4B26-B0D5-B802F1F9D2F4}.Release|Any CPU.Build.0 = Release|Any CPU
		{A8FCDDA8-8B88-45E6-B468-1DD5969DC4D3}.Debug|Any CPU.ActiveCfg = Debug|Any CPU
		{A8FCDDA8-8B88-45E6-B468-1DD5969DC4D3}.Debug|Any CPU.Build.0 = Debug|Any CPU
		{A8FCDDA8-8B88-45E6-B468-1DD5969DC4D3}.Release|Any CPU.ActiveCfg = Release|Any CPU
		{A8FCDDA8-8B88-45E6-B468-1DD5969DC4D3}.Release|Any CPU.Build.0 = Release|Any CPU
	EndGlobalSection
	GlobalSection(SolutionProperties) = preSolution
		HideSolutionNode = FALSE
	EndGlobalSection
	GlobalSection(ExtensibilityGlobals) = postSolution
		SolutionGuid = {13EAE123-D663-4231-8E3D-578E44FA6F06}
	EndGlobalSection
EndGlobal
