
Microsoft Visual Studio Solution File, Format Version 12.00
# Visual Studio Version 17
VisualStudioVersion = 17.9.34607.119
MinimumVisualStudioVersion = 10.0.40219.1
Project("{8BC9CEB8-8B4A-11D0-8D11-00A0C91BC942}") = "Lab05_x64_zadania", "Lab05_x64_zadania.vcxproj", "{0957B8E6-B29B-4B93-866C-7A6A3F57470A}"
EndProject
Global
	GlobalSection(SolutionConfigurationPlatforms) = preSolution
		Debug|x64 = Debug|x64
		Debug|x86 = Debug|x86
		Release|x64 = Release|x64
		Release|x86 = Release|x86
	EndGlobalSection
	GlobalSection(ProjectConfigurationPlatforms) = postSolution
		{0957B8E6-B29B-4B93-866C-7A6A3F57470A}.Debug|x64.ActiveCfg = Debug|x64
		{0957B8E6-B29B-4B93-866C-7A6A3F57470A}.Debug|x64.Build.0 = Debug|x64
		{0957B8E6-B29B-4B93-866C-7A6A3F57470A}.Debug|x86.ActiveCfg = Debug|Win32
		{0957B8E6-B29B-4B93-866C-7A6A3F57470A}.Debug|x86.Build.0 = Debug|Win32
		{0957B8E6-B29B-4B93-866C-7A6A3F57470A}.Release|x64.ActiveCfg = Release|x64
		{0957B8E6-B29B-4B93-866C-7A6A3F57470A}.Release|x64.Build.0 = Release|x64
		{0957B8E6-B29B-4B93-866C-7A6A3F57470A}.Release|x86.ActiveCfg = Release|Win32
		{0957B8E6-B29B-4B93-866C-7A6A3F57470A}.Release|x86.Build.0 = Release|Win32
	EndGlobalSection
	GlobalSection(SolutionProperties) = preSolution
		HideSolutionNode = FALSE
	EndGlobalSection
	GlobalSection(ExtensibilityGlobals) = postSolution
		SolutionGuid = {09F7429E-C6AF-461E-A324-B29D6BAC27C1}
	EndGlobalSection
EndGlobal
